
Microsoft Visual Studio Solution File, Format Version 12.00
# Visual Studio Version 17
VisualStudioVersion = 17.13.35825.156
MinimumVisualStudioVersion = 10.0.40219.1
Project("{FAE04EC0-301F-11D3-BF4B-00C04F79EFBC}") = "GameInventoryAPI", "GameInventoryAPI\GameInventoryAPI.csproj", "{FBAB0509-5F3E-4854-A027-0CB800057310}"
EndProject
Global
	GlobalSection(SolutionConfigurationPlatforms) = preSolution
		Debug|Any CPU = Debug|Any CPU
		Release|Any CPU = Release|Any CPU
	EndGlobalSection
	GlobalSection(ProjectConfigurationPlatforms) = postSolution
		{FBAB0509-5F3E-4854-A027-0CB800057310}.Debug|Any CPU.ActiveCfg = Debug|Any CPU
		{FBAB0509-5F3E-4854-A027-0CB800057310}.Debug|Any CPU.Build.0 = Debug|Any CPU
		{FBAB0509-5F3E-4854-A027-0CB800057310}.Release|Any CPU.ActiveCfg = Release|Any CPU
		{FBAB0509-5F3E-4854-A027-0CB800057310}.Release|Any CPU.Build.0 = Release|Any CPU
	EndGlobalSection
	GlobalSection(SolutionProperties) = preSolution
		HideSolutionNode = FALSE
	EndGlobalSection
	GlobalSection(ExtensibilityGlobals) = postSolution
		SolutionGuid = {D18140B8-5DB0-45A9-86A2-9948992D8E07}
	EndGlobalSection
EndGlobal
